
Microsoft Visual Studio Solution File, Format Version 12.00
# Visual Studio Version 17
VisualStudioVersion = 17.11.35303.130
MinimumVisualStudioVersion = 10.0.40219.1
Project("{FAE04EC0-301F-11D3-BF4B-00C04F79EFBC}") = "VirtualArtGallery", "VirtualArtGallery\VirtualArtGallery.csproj", "{ACCD2A23-6A34-46FE-96D0-57C22556CF2A}"
EndProject
Global
	GlobalSection(SolutionConfigurationPlatforms) = preSolution
		Debug|Any CPU = Debug|Any CPU
		Release|Any CPU = Release|Any CPU
	EndGlobalSection
	GlobalSection(ProjectConfigurationPlatforms) = postSolution
		{ACCD2A23-6A34-46FE-96D0-57C22556CF2A}.Debug|Any CPU.ActiveCfg = Debug|Any CPU
		{ACCD2A23-6A34-46FE-96D0-57C22556CF2A}.Debug|Any CPU.Build.0 = Debug|Any CPU
		{ACCD2A23-6A34-46FE-96D0-57C22556CF2A}.Release|Any CPU.ActiveCfg = Release|Any CPU
		{ACCD2A23-6A34-46FE-96D0-57C22556CF2A}.Release|Any CPU.Build.0 = Release|Any CPU
	EndGlobalSection
	GlobalSection(SolutionProperties) = preSolution
		HideSolutionNode = FALSE
	EndGlobalSection
	GlobalSection(ExtensibilityGlobals) = postSolution
		SolutionGuid = {89489EAE-36CC-47BC-9303-9613B064DFDE}
	EndGlobalSection
EndGlobal
